
Microsoft Visual Studio Solution File, Format Version 12.00
# Visual Studio Version 16
VisualStudioVersion = 16.0.31129.286
MinimumVisualStudioVersion = 10.0.40219.1
Project("{FAE04EC0-301F-11D3-BF4B-00C04F79EFBC}") = "MvcCore", "MvcCore\MvcCore.csproj", "{A54BEEE8-CC9A-494C-AF29-1504C47FEAAB}"
EndProject
Global
	GlobalSection(SolutionConfigurationPlatforms) = preSolution
		Debug|Any CPU = Debug|Any CPU
		Release|Any CPU = Release|Any CPU
	EndGlobalSection
	GlobalSection(ProjectConfigurationPlatforms) = postSolution
		{A54BEEE8-CC9A-494C-AF29-1504C47FEAAB}.Debug|Any CPU.ActiveCfg = Debug|Any CPU
		{A54BEEE8-CC9A-494C-AF29-1504C47FEAAB}.Debug|Any CPU.Build.0 = Debug|Any CPU
		{A54BEEE8-CC9A-494C-AF29-1504C47FEAAB}.Release|Any CPU.ActiveCfg = Release|Any CPU
		{A54BEEE8-CC9A-494C-AF29-1504C47FEAAB}.Release|Any CPU.Build.0 = Release|Any CPU
	EndGlobalSection
	GlobalSection(SolutionProperties) = preSolution
		HideSolutionNode = FALSE
	EndGlobalSection
	GlobalSection(ExtensibilityGlobals) = postSolution
		SolutionGuid = {6D3932DC-9ECE-44D4-AA39-7B2DB0E5F173}
	EndGlobalSection
EndGlobal
